
Microsoft Visual Studio Solution File, Format Version 12.00
# Visual Studio Version 16
VisualStudioVersion = 16.0.29926.136
MinimumVisualStudioVersion = 10.0.40219.1
Project("{FAE04EC0-301F-11D3-BF4B-00C04F79EFBC}") = "CamadaApresentacao", "CamadaApresentacao.csproj", "{7158F6B0-808D-4A0F-A415-51D2248FF57F}"
EndProject
Project("{FAE04EC0-301F-11D3-BF4B-00C04F79EFBC}") = "CamadaControle", "CamadaControle\CamadaControle.csproj", "{DC0AD96E-6CFE-45BA-ADA2-1BBF978DBEB9}"
EndProject
Project("{FAE04EC0-301F-11D3-BF4B-00C04F79EFBC}") = "CamadaModelo", "CamadaModelo\CamadaModelo.csproj", "{44CD3F08-9A45-401F-8706-22C2DC0121D2}"
EndProject
Project("{FAE04EC0-301F-11D3-BF4B-00C04F79EFBC}") = "CamadaWeb", "..\CamadaWeb\CamadaWeb.csproj", "{039A38E7-4393-44BE-8068-83F44AF449BF}"
EndProject
Global
	GlobalSection(SolutionConfigurationPlatforms) = preSolution
		Debug|Any CPU = Debug|Any CPU
		Release|Any CPU = Release|Any CPU
	EndGlobalSection
	GlobalSection(ProjectConfigurationPlatforms) = postSolution
		{7158F6B0-808D-4A0F-A415-51D2248FF57F}.Debug|Any CPU.ActiveCfg = Debug|Any CPU
		{7158F6B0-808D-4A0F-A415-51D2248FF57F}.Debug|Any CPU.Build.0 = Debug|Any CPU
		{7158F6B0-808D-4A0F-A415-51D2248FF57F}.Release|Any CPU.ActiveCfg = Release|Any CPU
		{7158F6B0-808D-4A0F-A415-51D2248FF57F}.Release|Any CPU.Build.0 = Release|Any CPU
		{DC0AD96E-6CFE-45BA-ADA2-1BBF978DBEB9}.Debug|Any CPU.ActiveCfg = Debug|Any CPU
		{DC0AD96E-6CFE-45BA-ADA2-1BBF978DBEB9}.Debug|Any CPU.Build.0 = Debug|Any CPU
		{DC0AD96E-6CFE-45BA-ADA2-1BBF978DBEB9}.Release|Any CPU.ActiveCfg = Release|Any CPU
		{DC0AD96E-6CFE-45BA-ADA2-1BBF978DBEB9}.Release|Any CPU.Build.0 = Release|Any CPU
		{44CD3F08-9A45-401F-8706-22C2DC0121D2}.Debug|Any CPU.ActiveCfg = Debug|Any CPU
		{44CD3F08-9A45-401F-8706-22C2DC0121D2}.Debug|Any CPU.Build.0 = Debug|Any CPU
		{44CD3F08-9A45-401F-8706-22C2DC0121D2}.Release|Any CPU.ActiveCfg = Release|Any CPU
		{44CD3F08-9A45-401F-8706-22C2DC0121D2}.Release|Any CPU.Build.0 = Release|Any CPU
		{039A38E7-4393-44BE-8068-83F44AF449BF}.Debug|Any CPU.ActiveCfg = Debug|Any CPU
		{039A38E7-4393-44BE-8068-83F44AF449BF}.Debug|Any CPU.Build.0 = Debug|Any CPU
		{039A38E7-4393-44BE-8068-83F44AF449BF}.Release|Any CPU.ActiveCfg = Release|Any CPU
		{039A38E7-4393-44BE-8068-83F44AF449BF}.Release|Any CPU.Build.0 = Release|Any CPU
	EndGlobalSection
	GlobalSection(SolutionProperties) = preSolution
		HideSolutionNode = FALSE
	EndGlobalSection
	GlobalSection(ExtensibilityGlobals) = postSolution
		SolutionGuid = {E0909E62-C4ED-4DD3-9536-DE2B59F8B54B}
	EndGlobalSection
EndGlobal
