
Microsoft Visual Studio Solution File, Format Version 12.00
# Visual Studio Version 16
VisualStudioVersion = 16.0.30413.136
MinimumVisualStudioVersion = 10.0.40219.1
Project("{FAE04EC0-301F-11D3-BF4B-00C04F79EFBC}") = "Ex02-dualbuttons", "Ex02-dualbuttons.csproj", "{05804CCA-90AB-4CAA-BF63-DBF4B41DF215}"
EndProject
Global
	GlobalSection(SolutionConfigurationPlatforms) = preSolution
		Debug|Any CPU = Debug|Any CPU
		Release|Any CPU = Release|Any CPU
	EndGlobalSection
	GlobalSection(ProjectConfigurationPlatforms) = postSolution
		{05804CCA-90AB-4CAA-BF63-DBF4B41DF215}.Debug|Any CPU.ActiveCfg = Debug|Any CPU
		{05804CCA-90AB-4CAA-BF63-DBF4B41DF215}.Debug|Any CPU.Build.0 = Debug|Any CPU
		{05804CCA-90AB-4CAA-BF63-DBF4B41DF215}.Release|Any CPU.ActiveCfg = Release|Any CPU
		{05804CCA-90AB-4CAA-BF63-DBF4B41DF215}.Release|Any CPU.Build.0 = Release|Any CPU
	EndGlobalSection
	GlobalSection(SolutionProperties) = preSolution
		HideSolutionNode = FALSE
	EndGlobalSection
	GlobalSection(ExtensibilityGlobals) = postSolution
		SolutionGuid = {33292311-44C6-4779-B03E-B93451AD91D7}
	EndGlobalSection
EndGlobal
